// !$*UTF8*$!
{
	archiveVersion = 1;
	classes = {
	};
	objectVersion = 46;
	objects = {

/* Begin PBXCopyFilesBuildPhase section */
		AE45CECB1C5A7A8700161BB0 /* CopyFiles */ = {
			isa = PBXCopyFilesBuildPhase;
			buildActionMask = 2147483647;
			dstPath = /usr/share/man/man1/;
			dstSubfolderSpec = 0;
			files = (
			);
			runOnlyForDeploymentPostprocessing = 1;
		};
/* End PBXCopyFilesBuildPhase section */

/* Begin PBXFileReference section */
		AE3E464E1C56987100E33E9F /* build_docs.sh */ = {isa = PBXFileReference; fileEncoding = 4; lastKnownFileType = text.script.sh; name = build_docs.sh; path = ../build_docs.sh; sourceTree = "<group>"; };
		AE3E464F1C56987100E33E9F /* CONTRIBUTING.md */ = {isa = PBXFileReference; fileEncoding = 4; lastKnownFileType = net.daringfireball.markdown; name = CONTRIBUTING.md; path = ../CONTRIBUTING.md; sourceTree = "<group>"; };
		AE3E46501C56987100E33E9F /* fake_travis_build.sh */ = {isa = PBXFileReference; fileEncoding = 4; lastKnownFileType = text.script.sh; name = fake_travis_build.sh; path = ../fake_travis_build.sh; sourceTree = "<group>"; };
		AE3E46511C56987100E33E9F /* JLinkSettings.ini */ = {isa = PBXFileReference; fileEncoding = 4; lastKnownFileType = text; name = JLinkSettings.ini; path = ../JLinkSettings.ini; sourceTree = "<group>"; };
		AE3E46521C56987100E33E9F /* LICENSE */ = {isa = PBXFileReference; fileEncoding = 4; lastKnownFileType = text; name = LICENSE; path = ../LICENSE; sourceTree = "<group>"; };
		AE3E46531C56987100E33E9F /* Notes.md */ = {isa = PBXFileReference; fileEncoding = 4; lastKnownFileType = net.daringfireball.markdown; name = Notes.md; path = ../Notes.md; sourceTree = "<group>"; };
		AE3E46541C56987100E33E9F /* README.md */ = {isa = PBXFileReference; fileEncoding = 4; lastKnownFileType = net.daringfireball.markdown; name = README.md; path = ../README.md; sourceTree = "<group>"; };
		AE3E46551C56987E00E33E9F /* docs */ = {isa = PBXFileReference; lastKnownFileType = folder; name = docs; path = ../docs; sourceTree = "<group>"; };
		AE3E46561C56987E00E33E9F /* lib */ = {isa = PBXFileReference; lastKnownFileType = folder; name = lib; path = ../lib; sourceTree = "<group>"; };
		AE3E46571C56987E00E33E9F /* support */ = {isa = PBXFileReference; lastKnownFileType = folder; name = support; path = ../support; sourceTree = "<group>"; };
		AE3E46591C56990900E33E9F /* Makefile */ = {isa = PBXFileReference; fileEncoding = 4; lastKnownFileType = sourcecode.make; name = Makefile; path = ../Makefile; sourceTree = "<group>"; };
		AE45CECD1C5A7A8700161BB0 /* navgps_unittest */ = {isa = PBXFileReference; explicitFileType = "compiled.mach-o.executable"; includeInIndex = 0; path = navgps_unittest; sourceTree = BUILT_PRODUCTS_DIR; };
		AEA48A751C28CBB9006BC53E /* src */ = {isa = PBXFileReference; lastKnownFileType = folder; name = src; path = ../src; sourceTree = "<group>"; };
/* End PBXFileReference section */

/* Begin PBXFrameworksBuildPhase section */
		AE45CECA1C5A7A8700161BB0 /* Frameworks */ = {
			isa = PBXFrameworksBuildPhase;
			buildActionMask = 2147483647;
			files = (
			);
			runOnlyForDeploymentPostprocessing = 0;
		};
/* End PBXFrameworksBuildPhase section */

/* Begin PBXGroup section */
		AE45CECE1C5A7A8700161BB0 /* Products */ = {
			isa = PBXGroup;
			children = (
				AE45CECD1C5A7A8700161BB0 /* navgps_unittest */,
			);
			name = Products;
			sourceTree = "<group>";
		};
		AEA48A6A1C28CB72006BC53E = {
			isa = PBXGroup;
			children = (
				AE3E46591C56990900E33E9F /* Makefile */,
				AE3E46551C56987E00E33E9F /* docs */,
				AE3E46561C56987E00E33E9F /* lib */,
				AEA48A751C28CBB9006BC53E /* src */,
				AE3E46571C56987E00E33E9F /* support */,
				AE3E464E1C56987100E33E9F /* build_docs.sh */,
				AE3E464F1C56987100E33E9F /* CONTRIBUTING.md */,
				AE3E46501C56987100E33E9F /* fake_travis_build.sh */,
				AE3E46511C56987100E33E9F /* JLinkSettings.ini */,
				AE3E46521C56987100E33E9F /* LICENSE */,
				AE3E46531C56987100E33E9F /* Notes.md */,
				AE3E46541C56987100E33E9F /* README.md */,
				AE45CECE1C5A7A8700161BB0 /* Products */,
			);
			sourceTree = "<group>";
		};
/* End PBXGroup section */

/* Begin PBXLegacyTarget section */
		AEA48A6F1C28CB73006BC53E /* cleanflight */ = {
			isa = PBXLegacyTarget;
			buildArgumentsString = "$(ACTION)";
			buildConfigurationList = AEA48A721C28CB73006BC53E /* Build configuration list for PBXLegacyTarget "cleanflight" */;
			buildPhases = (
			);
			buildToolPath = /usr/bin/make;
			buildWorkingDirectory = /Users/raph/Documents/Developement/cleanflight/src/test;
			dependencies = (
			);
			name = cleanflight;
			passBuildSettingsInEnvironment = 1;
			productName = cleanflight;
		};
/* End PBXLegacyTarget section */

/* Begin PBXNativeTarget section */
		AE45CECC1C5A7A8700161BB0 /* navgps_unittest */ = {
			isa = PBXNativeTarget;
			buildConfigurationList = AE45CED21C5A7A8700161BB0 /* Build configuration list for PBXNativeTarget "navgps_unittest" */;
			buildPhases = (
				AE45CEC91C5A7A8700161BB0 /* Sources */,
				AE45CECA1C5A7A8700161BB0 /* Frameworks */,
				AE45CECB1C5A7A8700161BB0 /* CopyFiles */,
			);
			buildRules = (
			);
			dependencies = (
			);
			name = navgps_unittest;
			productName = navgps_unittest;
			productReference = AE45CECD1C5A7A8700161BB0 /* navgps_unittest */;
			productType = "com.apple.product-type.tool";
		};
/* End PBXNativeTarget section */

/* Begin PBXProject section */
		AEA48A6B1C28CB72006BC53E /* Project object */ = {
			isa = PBXProject;
			attributes = {
				LastUpgradeCheck = 0720;
				ORGANIZATIONNAME = "Raphael Jean-Leconte";
				TargetAttributes = {
					AE45CECC1C5A7A8700161BB0 = {
						CreatedOnToolsVersion = 7.2;
					};
					AEA48A6F1C28CB73006BC53E = {
						CreatedOnToolsVersion = 7.2;
					};
				};
			};
			buildConfigurationList = AEA48A6E1C28CB72006BC53E /* Build configuration list for PBXProject "cleanflight" */;
			compatibilityVersion = "Xcode 3.2";
			developmentRegion = English;
			hasScannedForEncodings = 0;
			knownRegions = (
				en,
			);
			mainGroup = AEA48A6A1C28CB72006BC53E;
			productRefGroup = AE45CECE1C5A7A8700161BB0 /* Products */;
			projectDirPath = "";
			projectRoot = "";
			targets = (
				AEA48A6F1C28CB73006BC53E /* cleanflight */,
				AE45CECC1C5A7A8700161BB0 /* navgps_unittest */,
			);
		};
/* End PBXProject section */

/* Begin PBXSourcesBuildPhase section */
		AE45CEC91C5A7A8700161BB0 /* Sources */ = {
			isa = PBXSourcesBuildPhase;
			buildActionMask = 2147483647;
			files = (
			);
			runOnlyForDeploymentPostprocessing = 0;
		};
/* End PBXSourcesBuildPhase section */

/* Begin XCBuildConfiguration section */
		AE45CED31C5A7A8700161BB0 /* Debug */ = {
			isa = XCBuildConfiguration;
			buildSettings = {
				CODE_SIGN_IDENTITY = "-";
				MACOSX_DEPLOYMENT_TARGET = 10.10;
				PRODUCT_NAME = "$(TARGET_NAME)";
				SDKROOT = macosx;
			};
			name = Debug;
		};
		AE45CED41C5A7A8700161BB0 /* Release */ = {
			isa = XCBuildConfiguration;
			buildSettings = {
				CODE_SIGN_IDENTITY = "-";
				MACOSX_DEPLOYMENT_TARGET = 10.10;
				PRODUCT_NAME = "$(TARGET_NAME)";
				SDKROOT = macosx;
			};
			name = Release;
		};
		AEA48A701C28CB73006BC53E /* Debug */ = {
			isa = XCBuildConfiguration;
			buildSettings = {
				ALWAYS_SEARCH_USER_PATHS = NO;
				CLANG_CXX_LANGUAGE_STANDARD = "gnu++0x";
				CLANG_CXX_LIBRARY = "libc++";
				CLANG_ENABLE_MODULES = YES;
				CLANG_ENABLE_OBJC_ARC = YES;
				CLANG_WARN_BOOL_CONVERSION = YES;
				CLANG_WARN_CONSTANT_CONVERSION = YES;
				CLANG_WARN_DIRECT_OBJC_ISA_USAGE = YES_ERROR;
				CLANG_WARN_EMPTY_BODY = YES;
				CLANG_WARN_ENUM_CONVERSION = YES;
				CLANG_WARN_INT_CONVERSION = YES;
				CLANG_WARN_OBJC_ROOT_CLASS = YES_ERROR;
				CLANG_WARN_UNREACHABLE_CODE = YES;
				CLANG_WARN__DUPLICATE_METHOD_MATCH = YES;
				COPY_PHASE_STRIP = NO;
				DEBUG_INFORMATION_FORMAT = dwarf;
				ENABLE_STRICT_OBJC_MSGSEND = YES;
				ENABLE_TESTABILITY = YES;
				GCC_C_LANGUAGE_STANDARD = gnu99;
				GCC_DYNAMIC_NO_PIC = NO;
				GCC_NO_COMMON_BLOCKS = YES;
				GCC_OPTIMIZATION_LEVEL = 0;
				GCC_PREPROCESSOR_DEFINITIONS = (
					"DEBUG=1",
					"$(inherited)",
				);
				GCC_WARN_64_TO_32_BIT_CONVERSION = YES;
				GCC_WARN_ABOUT_RETURN_TYPE = YES_ERROR;
				GCC_WARN_UNDECLARED_SELECTOR = YES;
				GCC_WARN_UNINITIALIZED_AUTOS = YES_AGGRESSIVE;
				GCC_WARN_UNUSED_FUNCTION = YES;
				GCC_WARN_UNUSED_VARIABLE = YES;
				MACOSX_DEPLOYMENT_TARGET = 10.10;
				MTL_ENABLE_DEBUG_INFO = YES;
				ONLY_ACTIVE_ARCH = YES;
			};
			name = Debug;
		};
		AEA48A711C28CB73006BC53E /* Release */ = {
			isa = XCBuildConfiguration;
			buildSettings = {
				ALWAYS_SEARCH_USER_PATHS = NO;
				CLANG_CXX_LANGUAGE_STANDARD = "gnu++0x";
				CLANG_CXX_LIBRARY = "libc++";
				CLANG_ENABLE_MODULES = YES;
				CLANG_ENABLE_OBJC_ARC = YES;
				CLANG_WARN_BOOL_CONVERSION = YES;
				CLANG_WARN_CONSTANT_CONVERSION = YES;
				CLANG_WARN_DIRECT_OBJC_ISA_USAGE = YES_ERROR;
				CLANG_WARN_EMPTY_BODY = YES;
				CLANG_WARN_ENUM_CONVERSION = YES;
				CLANG_WARN_INT_CONVERSION = YES;
				CLANG_WARN_OBJC_ROOT_CLASS = YES_ERROR;
				CLANG_WARN_UNREACHABLE_CODE = YES;
				CLANG_WARN__DUPLICATE_METHOD_MATCH = YES;
				COPY_PHASE_STRIP = NO;
				DEBUG_INFORMATION_FORMAT = "dwarf-with-dsym";
				ENABLE_NS_ASSERTIONS = NO;
				ENABLE_STRICT_OBJC_MSGSEND = YES;
				GCC_C_LANGUAGE_STANDARD = gnu99;
				GCC_NO_COMMON_BLOCKS = YES;
				GCC_WARN_64_TO_32_BIT_CONVERSION = YES;
				GCC_WARN_ABOUT_RETURN_TYPE = YES_ERROR;
				GCC_WARN_UNDECLARED_SELECTOR = YES;
				GCC_WARN_UNINITIALIZED_AUTOS = YES_AGGRESSIVE;
				GCC_WARN_UNUSED_FUNCTION = YES;
				GCC_WARN_UNUSED_VARIABLE = YES;
				MACOSX_DEPLOYMENT_TARGET = 10.10;
				MTL_ENABLE_DEBUG_INFO = NO;
			};
			name = Release;
		};
		AEA48A731C28CB73006BC53E /* Debug */ = {
			isa = XCBuildConfiguration;
			buildSettings = {
				DEBUGGING_SYMBOLS = YES;
				DEBUG_INFORMATION_FORMAT = dwarf;
				GCC_GENERATE_DEBUGGING_SYMBOLS = YES;
				GCC_OPTIMIZATION_LEVEL = 0;
				OTHER_CFLAGS = "";
				OTHER_LDFLAGS = "";
				PATH = "/opt/local/bin:/opt/local/sbin:/Users/raph/Documents/Drone/gcc-arm/bin:/usr/local/bin:/usr/bin:/bin:/usr/sbin:/sbin:/opt/X11/bin:/usr/local/CrossPack-AVR/bin";
				PRODUCT_NAME = "$(TARGET_NAME)";
			};
			name = Debug;
		};
		AEA48A741C28CB73006BC53E /* Release */ = {
			isa = XCBuildConfiguration;
			buildSettings = {
				DEBUG_INFORMATION_FORMAT = "dwarf-with-dsym";
				OTHER_CFLAGS = "";
				OTHER_LDFLAGS = "";
				PATH = "/opt/local/bin:/opt/local/sbin:/Users/raph/Documents/Drone/gcc-arm/bin:/usr/local/bin:/usr/bin:/bin:/usr/sbin:/sbin:/opt/X11/bin:/usr/local/CrossPack-AVR/bin";
				PRODUCT_NAME = "$(TARGET_NAME)";
			};
			name = Release;
		};
/* End XCBuildConfiguration section */

/* Begin XCConfigurationList section */
		AE45CED21C5A7A8700161BB0 /* Build configuration list for PBXNativeTarget "navgps_unittest" */ = {
			isa = XCConfigurationList;
			buildConfigurations = (
				AE45CED31C5A7A8700161BB0 /* Debug */,
				AE45CED41C5A7A8700161BB0 /* Release */,
			);
			defaultConfigurationIsVisible = 0;
			defaultConfigurationName = Debug;
		};
		AEA48A6E1C28CB72006BC53E /* Build configuration list for PBXProject "cleanflight" */ = {
			isa = XCConfigurationList;
			buildConfigurations = (
				AEA48A701C28CB73006BC53E /* Debug */,
				AEA48A711C28CB73006BC53E /* Release */,
			);
			defaultConfigurationIsVisible = 0;
			defaultConfigurationName = Debug;
		};
		AEA48A721C28CB73006BC53E /* Build configuration list for PBXLegacyTarget "cleanflight" */ = {
			isa = XCConfigurationList;
			buildConfigurations = (
				AEA48A731C28CB73006BC53E /* Debug */,
				AEA48A741C28CB73006BC53E /* Release */,
			);
			defaultConfigurationIsVisible = 0;
			defaultConfigurationName = Debug;
		};
/* End XCConfigurationList section */
	};
	rootObject = AEA48A6B1C28CB72006BC53E /* Project object */;
}
